{
  "version": 4,
  "terraform_version": "1.14.4",
  "serial": 10,
  "lineage": "278a9f99-8bc2-3f15-c967-afa3c5934a83",
  "outputs": {
    "PetclinicServerDNSName": {
      "value": "development-server",
      "type": "string"
    },
    "PetclinicServerExternalIP": {
      "value": "34.23.36.103",
      "type": "string"
    },
    "PetclinicServerInternalIP": {
      "value": "10.142.0.2",
      "type": "string"
    }
  },
  "resources": [
    {
      "mode": "managed",
      "type": "google_compute_firewall",
      "name": "dev-server-egress",
      "provider": "provider[\"registry.terraform.io/hashicorp/google\"]",
      "instances": [
        {
          "schema_version": 1,
          "attributes": {
            "allow": [
              {
                "ports": [],
                "protocol": "all"
              }
            ],
            "creation_timestamp": "2026-07-31T01:21:29.601-07:00",
            "deny": [],
            "description": "",
            "destination_ranges": [
              "0.0.0.0/0"
            ],
            "direction": "EGRESS",
            "disabled": false,
            "enable_logging": null,
            "id": "projects/qwiklabs-gcp-04-c385bcd0f66a/global/firewalls/development-server-firewall-egress",
            "log_config": [],
            "name": "development-server-firewall-egress",
            "network": "https://www.googleapis.com/compute/v1/projects/qwiklabs-gcp-04-c385bcd0f66a/global/networks/default",
            "params": [],
            "priority": 1000,
            "project": "qwiklabs-gcp-04-c385bcd0f66a",
            "self_link": "https://www.googleapis.com/compute/v1/projects/qwiklabs-gcp-04-c385bcd0f66a/global/firewalls/development-server-firewall-egress",
            "source_ranges": null,
            "source_service_accounts": null,
            "source_tags": null,
            "target_service_accounts": null,
            "target_tags": [
              "petclinic-dev-server"
            ],
            "timeouts": null
          },
          "sensitive_attributes": [],
          "identity_schema_version": 0,
          "private": "eyJlMmJmYjczMC1lY2FhLTExZTYtOGY4OC0zNDM2M2JjN2M0YzAiOnsiY3JlYXRlIjoxMjAwMDAwMDAwMDAwLCJkZWxldGUiOjEyMDAwMDAwMDAwMDAsInVwZGF0ZSI6MTIwMDAwMDAwMDAwMH0sInNjaGVtYV92ZXJzaW9uIjoiMSJ9"
        }
      ]
    },
    {
      "mode": "managed",
      "type": "google_compute_firewall",
      "name": "dev-server-sg",
      "provider": "provider[\"registry.terraform.io/hashicorp/google\"]",
      "instances": [
        {
          "schema_version": 1,
          "attributes": {
            "allow": [
              {
                "ports": [
                  "22"
                ],
                "protocol": "tcp"
              },
              {
                "ports": [
                  "3000"
                ],
                "protocol": "tcp"
              },
              {
                "ports": [
                  "7979"
                ],
                "protocol": "tcp"
              },
              {
                "ports": [
                  "80"
                ],
                "protocol": "tcp"
              },
              {
                "ports": [
                  "8000"
                ],
                "protocol": "tcp"
              },
              {
                "ports": [
                  "8080"
                ],
                "protocol": "tcp"
              },
              {
                "ports": [
                  "8081"
                ],
                "protocol": "tcp"
              },
              {
                "ports": [
                  "8082"
                ],
                "protocol": "tcp"
              },
              {
                "ports": [
                  "8083"
                ],
                "protocol": "tcp"
              },
              {
                "ports": [
                  "8761"
                ],
                "protocol": "tcp"
              },
              {
                "ports": [
                  "8888"
                ],
                "protocol": "tcp"
              },
              {
                "ports": [
                  "9090"
                ],
                "protocol": "tcp"
              },
              {
                "ports": [
                  "9091"
                ],
                "protocol": "tcp"
              },
              {
                "ports": [
                  "9411"
                ],
                "protocol": "tcp"
              }
            ],
            "creation_timestamp": "2026-07-31T01:21:30.774-07:00",
            "deny": [],
            "description": "",
            "destination_ranges": [],
            "direction": "INGRESS",
            "disabled": false,
            "enable_logging": null,
            "id": "projects/qwiklabs-gcp-04-c385bcd0f66a/global/firewalls/development-server-firewall",
            "log_config": [],
            "name": "development-server-firewall",
            "network": "https://www.googleapis.com/compute/v1/projects/qwiklabs-gcp-04-c385bcd0f66a/global/networks/default",
            "params": [],
            "priority": 1000,
            "project": "qwiklabs-gcp-04-c385bcd0f66a",
            "self_link": "https://www.googleapis.com/compute/v1/projects/qwiklabs-gcp-04-c385bcd0f66a/global/firewalls/development-server-firewall",
            "source_ranges": [
              "0.0.0.0/0"
            ],
            "source_service_accounts": null,
            "source_tags": null,
            "target_service_accounts": null,
            "target_tags": [
              "petclinic-dev-server"
            ],
            "timeouts": null
          },
          "sensitive_attributes": [],
          "identity_schema_version": 0,
          "private": "eyJlMmJmYjczMC1lY2FhLTExZTYtOGY4OC0zNDM2M2JjN2M0YzAiOnsiY3JlYXRlIjoxMjAwMDAwMDAwMDAwLCJkZWxldGUiOjEyMDAwMDAwMDAwMDAsInVwZGF0ZSI6MTIwMDAwMDAwMDAwMH0sInNjaGVtYV92ZXJzaW9uIjoiMSJ9"
        }
      ]
    },
    {
      "mode": "managed",
      "type": "google_compute_instance",
      "name": "PetclinicServer",
      "provider": "provider[\"registry.terraform.io/hashicorp/google\"]",
      "instances": [
        {
          "schema_version": 6,
          "attributes": {
            "advanced_machine_features": [],
            "allow_stopping_for_update": null,
            "attached_disk": [],
            "boot_disk": [
              {
                "auto_delete": true,
                "device_name": "persistent-disk-0",
                "disk_encryption_key_raw": "",
                "disk_encryption_key_rsa": "",
                "disk_encryption_key_sha256": "",
                "disk_encryption_service_account": "",
                "force_attach": false,
                "guest_os_features": [
                  "VIRTIO_SCSI_MULTIQUEUE",
                  "SEV_CAPABLE",
                  "SEV_SNP_CAPABLE",
                  "SEV_LIVE_MIGRATABLE",
                  "SEV_LIVE_MIGRATABLE_V2",
                  "IDPF",
                  "TDX_CAPABLE",
                  "UEFI_COMPATIBLE",
                  "GVNIC"
                ],
                "initialize_params": [
                  {
                    "architecture": "X86_64",
                    "enable_confidential_compute": false,
                    "image": "https://www.googleapis.com/compute/v1/projects/ubuntu-os-cloud/global/images/ubuntu-2204-jammy-v20260730",
                    "labels": {},
                    "provisioned_iops": 0,
                    "provisioned_throughput": 0,
                    "resource_manager_tags": null,
                    "resource_policies": [],
                    "size": 30,
                    "snapshot": "",
                    "source_image_encryption_key": [],
                    "source_snapshot_encryption_key": [],
                    "storage_pool": "",
                    "type": "pd-balanced"
                  }
                ],
                "interface": "",
                "kms_key_self_link": "",
                "mode": "READ_WRITE",
                "source": "https://www.googleapis.com/compute/v1/projects/qwiklabs-gcp-04-c385bcd0f66a/zones/us-east1-d/disks/development-server"
              }
            ],
            "can_ip_forward": false,
            "confidential_instance_config": [],
            "cpu_platform": "Intel Broadwell",
            "creation_timestamp": "2026-07-31T01:21:33.285-07:00",
            "current_status": "RUNNING",
            "deletion_protection": false,
            "description": "",
            "desired_status": null,
            "effective_labels": {
              "goog-terraform-provisioned": "true"
            },
            "enable_display": false,
            "guest_accelerator": [],
            "hostname": "",
            "id": "projects/qwiklabs-gcp-04-c385bcd0f66a/zones/us-east1-d/instances/development-server",
            "instance_encryption_key": [],
            "instance_id": "916898550619694563",
            "key_revocation_action_type": "",
            "label_fingerprint": "vezUS-42LLM=",
            "labels": null,
            "machine_type": "e2-medium",
            "metadata": {
              "ssh-keys": "devops:ssh-rsa AAAAB3NzaC1yc2EAAAADAQABAAABAQDMjQeRumu1rOoeDVXW2vKemQmBhi1NAnFJwuCbptnbYhVtff6dFRfwlT7OsQzIHy+HyBZbHPIukMtgX/MEypyLGO1odiHeX6IyfVLmgkcqERZZZp7VHi0c8MsLMiXz8+kjDflMXEjwZJDSmtxkszdRy6bO43ogwdNMAwqiChW2m7wO5XUSwHKnU7bjB95gkEZkRf5ZpYLxq5lW+5NQ1EfthPX8cOzyHqRG5KbJqKR+aXSy0IZp59iOGt51HxgThfFU0oQcn/TqwZWFExtr94/vsOXVbt+IOQPZvEUEA4N1NVd1E93aXT33MpjwCoOYOb9ucmy1e+CM4QjiOe/84bZn devops\r\n"
            },
            "metadata_fingerprint": "DChCE-ab9n0=",
            "metadata_startup_script": "#!/bin/bash\n\nset -e\n\n# ------------------------------------------------------------\n# Update OS\n# ------------------------------------------------------------\n\napt-get update -y\napt-get upgrade -y\n\n\n# ------------------------------------------------------------\n# Set hostname\n# ------------------------------------------------------------\n\nhostnamectl set-hostname Development-Server\n\n\n# ------------------------------------------------------------\n# Install Docker\n# ------------------------------------------------------------\n\napt-get install -y \\\n    docker.io \\\n    docker-compose \\\n    git \\\n    curl \\\n    openjdk-11-jdk\n\n\n# ------------------------------------------------------------\n# Enable Docker\n# ------------------------------------------------------------\n\nsystemctl enable docker\nsystemctl start docker\n\n\n# ------------------------------------------------------------\n# Add devops user to Docker group\n# ------------------------------------------------------------\n\nusermod -aG docker devops\n\n\n# ------------------------------------------------------------\n# Install Docker Compose\n# ------------------------------------------------------------\n\ncurl -L \\\n  \"https://github.com/docker/compose/releases/download/1.26.2/docker-compose-$(uname -s)-$(uname -m)\" \\\n  -o /usr/local/bin/docker-compose\n\nchmod +x /usr/local/bin/docker-compose\n\n\n# ------------------------------------------------------------\n# Clone Petclinic repository\n# ------------------------------------------------------------\n\ncd /home/devops\n\nif [ ! -d \"microservices-with-db-on-dev-server\" ]; then\n\n    git clone \\\n      https://github.com/cmakkaya/microservices-with-db-on-dev-server.git\n\nfi\n\n\n# ------------------------------------------------------------\n# Change directory\n# ------------------------------------------------------------\n\ncd /home/devops/microservices-with-db-on-dev-server\n\n\n# ------------------------------------------------------------\n# Create dev branch\n# ------------------------------------------------------------\n\ngit checkout -b dev || git checkout dev\n\n\n# ------------------------------------------------------------\n# Fix ownership\n# ------------------------------------------------------------\n\nchown -R devops:devops \\\n  /home/devops/microservices-with-db-on-dev-server\n\n\necho \"Petclinic development server setup completed.\"",
            "min_cpu_platform": "",
            "name": "development-server",
            "network_interface": [
              {
                "access_config": [
                  {
                    "nat_ip": "34.23.36.103",
                    "network_tier": "PREMIUM",
                    "public_ptr_domain_name": ""
                  }
                ],
                "alias_ip_range": [],
                "internal_ipv6_prefix_length": 0,
                "ipv6_access_config": [],
                "ipv6_access_type": "",
                "ipv6_address": "",
                "name": "nic0",
                "network": "https://www.googleapis.com/compute/v1/projects/qwiklabs-gcp-04-c385bcd0f66a/global/networks/default",
                "network_attachment": "",
                "network_ip": "10.142.0.2",
                "nic_type": "",
                "queue_count": 0,
                "stack_type": "IPV4_ONLY",
                "subnetwork": "https://www.googleapis.com/compute/v1/projects/qwiklabs-gcp-04-c385bcd0f66a/regions/us-east1/subnetworks/default",
                "subnetwork_project": "qwiklabs-gcp-04-c385bcd0f66a"
              }
            ],
            "network_performance_config": [],
            "params": [],
            "project": "qwiklabs-gcp-04-c385bcd0f66a",
            "reservation_affinity": [],
            "resource_policies": null,
            "scheduling": [
              {
                "automatic_restart": true,
                "availability_domain": 0,
                "instance_termination_action": "",
                "local_ssd_recovery_timeout": [],
                "max_run_duration": [],
                "min_node_cpus": 0,
                "node_affinities": [],
                "on_host_maintenance": "MIGRATE",
                "on_instance_stop_action": [],
                "preemptible": false,
                "provisioning_model": "STANDARD",
                "termination_time": ""
              }
            ],
            "scratch_disk": [],
            "self_link": "https://www.googleapis.com/compute/v1/projects/qwiklabs-gcp-04-c385bcd0f66a/zones/us-east1-d/instances/development-server",
            "service_account": [
              {
                "email": "202474308797-compute@developer.gserviceaccount.com",
                "scopes": [
                  "https://www.googleapis.com/auth/cloud-platform"
                ]
              }
            ],
            "shielded_instance_config": [
              {
                "enable_integrity_monitoring": true,
                "enable_secure_boot": false,
                "enable_vtpm": true
              }
            ],
            "tags": [
              "petclinic-dev-server"
            ],
            "tags_fingerprint": "pfhNqGnNG2U=",
            "terraform_labels": {
              "goog-terraform-provisioned": "true"
            },
            "timeouts": null,
            "zone": "us-east1-d"
          },
          "sensitive_attributes": [
            [
              {
                "type": "get_attr",
                "value": "boot_disk"
              },
              {
                "type": "index",
                "value": {
                  "value": 0,
                  "type": "number"
                }
              },
              {
                "type": "get_attr",
                "value": "disk_encryption_key_raw"
              }
            ],
            [
              {
                "type": "get_attr",
                "value": "boot_disk"
              },
              {
                "type": "index",
                "value": {
                  "value": 0,
                  "type": "number"
                }
              },
              {
                "type": "get_attr",
                "value": "disk_encryption_key_rsa"
              }
            ]
          ],
          "identity_schema_version": 0,
          "private": "eyJlMmJmYjczMC1lY2FhLTExZTYtOGY4OC0zNDM2M2JjN2M0YzAiOnsiY3JlYXRlIjoxMjAwMDAwMDAwMDAwLCJkZWxldGUiOjEyMDAwMDAwMDAwMDAsInVwZGF0ZSI6MTIwMDAwMDAwMDAwMH0sInNjaGVtYV92ZXJzaW9uIjoiNiJ9"
        }
      ]
    }
  ],
  "check_results": null
}
