{
  "version": 4,
  "terraform_version": "1.14.4",
  "serial": 19,
  "lineage": "b560b037-34af-5985-9937-e8d4da08e53b",
  "outputs": {
    "Jenkins_Public_IP": {
      "value": "136.109.43.205",
      "type": "string"
    },
    "Jenkins_URL": {
      "value": "http://136.109.43.205:8080",
      "type": "string"
    },
    "Service_Account": {
      "value": "107205461375-compute@developer.gserviceaccount.com",
      "type": "string"
    }
  },
  "resources": [
    {
      "mode": "data",
      "type": "google_project",
      "name": "current",
      "provider": "provider[\"registry.terraform.io/hashicorp/google\"]",
      "instances": [
        {
          "schema_version": 0,
          "attributes": {
            "auto_create_network": null,
            "billing_account": "018768-94F29B-FBE0B6",
            "deletion_policy": "DELETE",
            "effective_labels": {
              "fleet": "gcpd"
            },
            "folder_id": "9388141951",
            "id": "projects/qwiklabs-gcp-01-1afe47256619",
            "labels": {
              "fleet": "gcpd"
            },
            "name": "qwiklabs-gcp-01-1afe47256619",
            "number": "107205461375",
            "org_id": "",
            "project_id": "qwiklabs-gcp-01-1afe47256619",
            "skip_delete": null,
            "terraform_labels": {
              "fleet": "gcpd"
            }
          },
          "sensitive_attributes": [],
          "identity_schema_version": 0
        }
      ]
    },
    {
      "mode": "managed",
      "type": "google_compute_firewall",
      "name": "jenkins_firewall",
      "provider": "provider[\"registry.terraform.io/hashicorp/google\"]",
      "instances": [
        {
          "schema_version": 1,
          "attributes": {
            "allow": [
              {
                "ports": [
                  "22"
                ],
                "protocol": "tcp"
              },
              {
                "ports": [
                  "80"
                ],
                "protocol": "tcp"
              },
              {
                "ports": [
                  "8080"
                ],
                "protocol": "tcp"
              }
            ],
            "creation_timestamp": "2026-08-25T04:11:29.604-07:00",
            "deny": [],
            "description": "",
            "destination_ranges": [],
            "direction": "INGRESS",
            "disabled": false,
            "enable_logging": null,
            "id": "projects/qwiklabs-gcp-01-1afe47256619/global/firewalls/jenkins-firewall",
            "log_config": [],
            "name": "jenkins-firewall",
            "network": "https://www.googleapis.com/compute/v1/projects/qwiklabs-gcp-01-1afe47256619/global/networks/default",
            "priority": 1000,
            "project": "qwiklabs-gcp-01-1afe47256619",
            "self_link": "https://www.googleapis.com/compute/v1/projects/qwiklabs-gcp-01-1afe47256619/global/firewalls/jenkins-firewall",
            "source_ranges": [
              "0.0.0.0/0"
            ],
            "source_service_accounts": [],
            "source_tags": [],
            "target_service_accounts": [],
            "target_tags": [
              "jenkins"
            ],
            "timeouts": null
          },
          "sensitive_attributes": [],
          "identity_schema_version": 0,
          "private": "eyJlMmJmYjczMC1lY2FhLTExZTYtOGY4OC0zNDM2M2JjN2M0YzAiOnsiY3JlYXRlIjoxMjAwMDAwMDAwMDAwLCJkZWxldGUiOjEyMDAwMDAwMDAwMDAsInVwZGF0ZSI6MTIwMDAwMDAwMDAwMH0sInNjaGVtYV92ZXJzaW9uIjoiMSJ9"
        }
      ]
    },
    {
      "mode": "managed",
      "type": "google_compute_instance",
      "name": "jenkins",
      "provider": "provider[\"registry.terraform.io/hashicorp/google\"]",
      "instances": [
        {
          "schema_version": 6,
          "attributes": {
            "advanced_machine_features": [],
            "allow_stopping_for_update": null,
            "attached_disk": [],
            "boot_disk": [
              {
                "auto_delete": true,
                "device_name": "persistent-disk-0",
                "disk_encryption_key_raw": "",
                "disk_encryption_key_sha256": "",
                "initialize_params": [
                  {
                    "enable_confidential_compute": false,
                    "image": "https://www.googleapis.com/compute/v1/projects/ubuntu-os-cloud/global/images/ubuntu-2204-jammy-v20260820",
                    "labels": {},
                    "provisioned_iops": 0,
                    "provisioned_throughput": 0,
                    "resource_manager_tags": {},
                    "size": 20,
                    "storage_pool": "",
                    "type": "pd-balanced"
                  }
                ],
                "kms_key_self_link": "",
                "mode": "READ_WRITE",
                "source": "https://www.googleapis.com/compute/v1/projects/qwiklabs-gcp-01-1afe47256619/zones/us-west1-b/disks/fashion-jenkins-server"
              }
            ],
            "can_ip_forward": false,
            "confidential_instance_config": [],
            "cpu_platform": "Intel Broadwell",
            "current_status": "RUNNING",
            "deletion_protection": false,
            "description": "",
            "desired_status": null,
            "effective_labels": {},
            "enable_display": false,
            "guest_accelerator": [],
            "hostname": "",
            "id": "projects/qwiklabs-gcp-01-1afe47256619/zones/us-west1-b/instances/fashion-jenkins-server",
            "instance_id": "5093369305230263373",
            "label_fingerprint": "42WmSpB8rSM=",
            "labels": {},
            "machine_type": "e2-standard-2",
            "metadata": {
              "startup-script": "#!/bin/bash\nset -euo pipefail\n\n# set server hostname as jenkins-server\nhostnamectl set-hostname jenkins-server\n\n# update os\napt-get update -y\napt-get install -y openjdk-17-jdk\napt-get install -y git\napt-get install -y docker.io\nsystemctl enable docker\nsystemctl start docker\n\ncurl -fsSL https://pkg.jenkins.io/debian-stable/jenkins.io-2026.key | tee \\\n  /usr/share/keyrings/jenkins-keyring.asc \u003e /dev/null\n\necho deb [signed-by=/usr/share/keyrings/jenkins-keyring.asc] \\\n  https://pkg.jenkins.io/debian-stable binary/ | tee \\\n  /etc/apt/sources.list.d/jenkins.list \u003e /dev/null\n\napt-get update\napt-get install -y jenkins\nsystemctl enable jenkins\nsystemctl start jenkins\n"
            },
            "metadata_fingerprint": "fFVR-_VHOss=",
            "metadata_startup_script": null,
            "min_cpu_platform": "",
            "name": "fashion-jenkins-server",
            "network_interface": [
              {
                "access_config": [
                  {
                    "nat_ip": "136.109.43.205",
                    "network_tier": "PREMIUM",
                    "public_ptr_domain_name": ""
                  }
                ],
                "alias_ip_range": [],
                "internal_ipv6_prefix_length": 0,
                "ipv6_access_config": [],
                "ipv6_access_type": "",
                "ipv6_address": "",
                "name": "nic0",
                "network": "https://www.googleapis.com/compute/v1/projects/qwiklabs-gcp-01-1afe47256619/global/networks/default",
                "network_ip": "10.138.0.4",
                "nic_type": "",
                "queue_count": 0,
                "stack_type": "IPV4_ONLY",
                "subnetwork": "https://www.googleapis.com/compute/v1/projects/qwiklabs-gcp-01-1afe47256619/regions/us-west1/subnetworks/default",
                "subnetwork_project": "qwiklabs-gcp-01-1afe47256619"
              }
            ],
            "network_performance_config": [],
            "params": [],
            "project": "qwiklabs-gcp-01-1afe47256619",
            "reservation_affinity": [],
            "resource_policies": [],
            "scheduling": [
              {
                "automatic_restart": true,
                "instance_termination_action": "",
                "local_ssd_recovery_timeout": [],
                "max_run_duration": [],
                "min_node_cpus": 0,
                "node_affinities": [],
                "on_host_maintenance": "MIGRATE",
                "on_instance_stop_action": [],
                "preemptible": false,
                "provisioning_model": "STANDARD"
              }
            ],
            "scratch_disk": [],
            "self_link": "https://www.googleapis.com/compute/v1/projects/qwiklabs-gcp-01-1afe47256619/zones/us-west1-b/instances/fashion-jenkins-server",
            "service_account": [],
            "shielded_instance_config": [
              {
                "enable_integrity_monitoring": true,
                "enable_secure_boot": false,
                "enable_vtpm": true
              }
            ],
            "tags": [
              "jenkins"
            ],
            "tags_fingerprint": "4l7--0t2PzY=",
            "terraform_labels": {},
            "timeouts": null,
            "zone": "us-west1-b"
          },
          "sensitive_attributes": [
            [
              {
                "type": "get_attr",
                "value": "boot_disk"
              },
              {
                "type": "index",
                "value": {
                  "value": 0,
                  "type": "number"
                }
              },
              {
                "type": "get_attr",
                "value": "disk_encryption_key_raw"
              }
            ]
          ],
          "identity_schema_version": 0,
          "private": "eyJlMmJmYjczMC1lY2FhLTExZTYtOGY4OC0zNDM2M2JjN2M0YzAiOnsiY3JlYXRlIjoxMjAwMDAwMDAwMDAwLCJkZWxldGUiOjEyMDAwMDAwMDAwMDAsInVwZGF0ZSI6MTIwMDAwMDAwMDAwMH0sInNjaGVtYV92ZXJzaW9uIjoiNiJ9"
        }
      ]
    }
  ],
  "check_results": null
}
