{
  "version": 4,
  "terraform_version": "1.14.4",
  "serial": 10,
  "lineage": "b560b037-34af-5985-9937-e8d4da08e53b",
  "outputs": {
    "Jenkins_Public_IP": {
      "value": "34.106.26.120",
      "type": "string"
    },
    "Jenkins_URL": {
      "value": "http://34.106.26.120:8080",
      "type": "string"
    },
    "Service_Account": {
      "value": "jenkins-sa@qwiklabs-gcp-02-3761f185634b.iam.gserviceaccount.com",
      "type": "string"
    }
  },
  "resources": [
    {
      "mode": "managed",
      "type": "google_compute_firewall",
      "name": "jenkins_firewall",
      "provider": "provider[\"registry.terraform.io/hashicorp/google\"]",
      "instances": [
        {
          "schema_version": 1,
          "attributes": {
            "allow": [
              {
                "ports": [
                  "22"
                ],
                "protocol": "tcp"
              },
              {
                "ports": [
                  "80"
                ],
                "protocol": "tcp"
              },
              {
                "ports": [
                  "8080"
                ],
                "protocol": "tcp"
              }
            ],
            "creation_timestamp": "2026-07-28T07:27:27.278-07:00",
            "deny": [],
            "description": "",
            "destination_ranges": [],
            "direction": "INGRESS",
            "disabled": false,
            "enable_logging": null,
            "id": "projects/qwiklabs-gcp-02-3761f185634b/global/firewalls/jenkins-firewall",
            "log_config": [],
            "name": "jenkins-firewall",
            "network": "https://www.googleapis.com/compute/v1/projects/qwiklabs-gcp-02-3761f185634b/global/networks/default",
            "priority": 1000,
            "project": "qwiklabs-gcp-02-3761f185634b",
            "self_link": "https://www.googleapis.com/compute/v1/projects/qwiklabs-gcp-02-3761f185634b/global/firewalls/jenkins-firewall",
            "source_ranges": [
              "0.0.0.0/0"
            ],
            "source_service_accounts": [],
            "source_tags": [],
            "target_service_accounts": [],
            "target_tags": [
              "jenkins"
            ],
            "timeouts": null
          },
          "sensitive_attributes": [],
          "identity_schema_version": 0,
          "private": "eyJlMmJmYjczMC1lY2FhLTExZTYtOGY4OC0zNDM2M2JjN2M0YzAiOnsiY3JlYXRlIjoxMjAwMDAwMDAwMDAwLCJkZWxldGUiOjEyMDAwMDAwMDAwMDAsInVwZGF0ZSI6MTIwMDAwMDAwMDAwMH0sInNjaGVtYV92ZXJzaW9uIjoiMSJ9"
        }
      ]
    },
    {
      "mode": "managed",
      "type": "google_compute_instance",
      "name": "jenkins",
      "provider": "provider[\"registry.terraform.io/hashicorp/google\"]",
      "instances": [
        {
          "schema_version": 6,
          "attributes": {
            "advanced_machine_features": [],
            "allow_stopping_for_update": null,
            "attached_disk": [],
            "boot_disk": [
              {
                "auto_delete": true,
                "device_name": "persistent-disk-0",
                "disk_encryption_key_raw": "",
                "disk_encryption_key_sha256": "",
                "initialize_params": [
                  {
                    "enable_confidential_compute": false,
                    "image": "https://www.googleapis.com/compute/v1/projects/ubuntu-os-cloud/global/images/ubuntu-2204-jammy-v20260724",
                    "labels": {},
                    "provisioned_iops": 0,
                    "provisioned_throughput": 0,
                    "resource_manager_tags": {},
                    "size": 20,
                    "storage_pool": "",
                    "type": "pd-balanced"
                  }
                ],
                "kms_key_self_link": "",
                "mode": "READ_WRITE",
                "source": "https://www.googleapis.com/compute/v1/projects/qwiklabs-gcp-02-3761f185634b/zones/us-west3-a/disks/fashion-jenkins-server"
              }
            ],
            "can_ip_forward": false,
            "confidential_instance_config": [],
            "cpu_platform": "Intel Broadwell",
            "current_status": "RUNNING",
            "deletion_protection": false,
            "description": "",
            "desired_status": null,
            "effective_labels": {},
            "enable_display": false,
            "guest_accelerator": [],
            "hostname": "",
            "id": "projects/qwiklabs-gcp-02-3761f185634b/zones/us-west3-a/instances/fashion-jenkins-server",
            "instance_id": "2957513946187498125",
            "label_fingerprint": "42WmSpB8rSM=",
            "labels": {},
            "machine_type": "e2-standard-2",
            "metadata": {},
            "metadata_fingerprint": "QVjHKtoESUM=",
            "metadata_startup_script": "#! /bin/bash\r\n\r\n# set server hostname as jenkins-server\r\nhostnamectl set-hostname jenkins-server\r\n\r\n# update os\r\napt-get update -y\r\napt-get install -y openjdk-17-jdk\r\napt-get install -y git\r\napt-get install -y docker.io\r\nsystemctl enable docker\r\nsystemctl start docker\r\n\r\ncurl -fsSL https://pkg.jenkins.io/debian-stable/jenkins.io-2023.key | tee \\\r\n  /usr/share/keyrings/jenkins-keyring.asc \u003e /dev/null\r\n\r\necho deb [signed-by=/usr/share/keyrings/jenkins-keyring.asc] \\\r\n  https://pkg.jenkins.io/debian-stable binary/ | tee \\\r\n  /etc/apt/sources.list.d/jenkins.list \u003e /dev/null\r\n\r\napt-get update\r\napt-get install -y jenkins\r\nsystemctl enable jenkins\r\nsystemctl start jenkins\r\n",
            "min_cpu_platform": "",
            "name": "fashion-jenkins-server",
            "network_interface": [
              {
                "access_config": [
                  {
                    "nat_ip": "34.106.26.120",
                    "network_tier": "PREMIUM",
                    "public_ptr_domain_name": ""
                  }
                ],
                "alias_ip_range": [],
                "internal_ipv6_prefix_length": 0,
                "ipv6_access_config": [],
                "ipv6_access_type": "",
                "ipv6_address": "",
                "name": "nic0",
                "network": "https://www.googleapis.com/compute/v1/projects/qwiklabs-gcp-02-3761f185634b/global/networks/default",
                "network_ip": "10.180.0.2",
                "nic_type": "",
                "queue_count": 0,
                "stack_type": "IPV4_ONLY",
                "subnetwork": "https://www.googleapis.com/compute/v1/projects/qwiklabs-gcp-02-3761f185634b/regions/us-west3/subnetworks/default",
                "subnetwork_project": "qwiklabs-gcp-02-3761f185634b"
              }
            ],
            "network_performance_config": [],
            "params": [],
            "project": "qwiklabs-gcp-02-3761f185634b",
            "reservation_affinity": [],
            "resource_policies": [],
            "scheduling": [
              {
                "automatic_restart": true,
                "instance_termination_action": "",
                "local_ssd_recovery_timeout": [],
                "max_run_duration": [],
                "min_node_cpus": 0,
                "node_affinities": [],
                "on_host_maintenance": "MIGRATE",
                "on_instance_stop_action": [],
                "preemptible": false,
                "provisioning_model": "STANDARD"
              }
            ],
            "scratch_disk": [],
            "self_link": "https://www.googleapis.com/compute/v1/projects/qwiklabs-gcp-02-3761f185634b/zones/us-west3-a/instances/fashion-jenkins-server",
            "service_account": [
              {
                "email": "jenkins-sa@qwiklabs-gcp-02-3761f185634b.iam.gserviceaccount.com",
                "scopes": [
                  "https://www.googleapis.com/auth/cloud-platform"
                ]
              }
            ],
            "shielded_instance_config": [
              {
                "enable_integrity_monitoring": true,
                "enable_secure_boot": false,
                "enable_vtpm": true
              }
            ],
            "tags": [
              "jenkins"
            ],
            "tags_fingerprint": "4l7--0t2PzY=",
            "terraform_labels": {},
            "timeouts": null,
            "zone": "us-west3-a"
          },
          "sensitive_attributes": [
            [
              {
                "type": "get_attr",
                "value": "boot_disk"
              },
              {
                "type": "index",
                "value": {
                  "value": 0,
                  "type": "number"
                }
              },
              {
                "type": "get_attr",
                "value": "disk_encryption_key_raw"
              }
            ]
          ],
          "identity_schema_version": 0,
          "private": "eyJlMmJmYjczMC1lY2FhLTExZTYtOGY4OC0zNDM2M2JjN2M0YzAiOnsiY3JlYXRlIjoxMjAwMDAwMDAwMDAwLCJkZWxldGUiOjEyMDAwMDAwMDAwMDAsInVwZGF0ZSI6MTIwMDAwMDAwMDAwMH0sInNjaGVtYV92ZXJzaW9uIjoiNiJ9",
          "dependencies": [
            "google_service_account.jenkins_sa"
          ]
        }
      ]
    },
    {
      "mode": "managed",
      "type": "google_project_iam_member",
      "name": "artifact_registry",
      "provider": "provider[\"registry.terraform.io/hashicorp/google\"]",
      "instances": [
        {
          "schema_version": 0,
          "attributes": {
            "condition": [],
            "etag": "BwZXrKSUs0o=",
            "id": "qwiklabs-gcp-02-3761f185634b/roles/artifactregistry.writer/serviceAccount:jenkins-sa@qwiklabs-gcp-02-3761f185634b.iam.gserviceaccount.com",
            "member": "serviceAccount:jenkins-sa@qwiklabs-gcp-02-3761f185634b.iam.gserviceaccount.com",
            "project": "qwiklabs-gcp-02-3761f185634b",
            "role": "roles/artifactregistry.writer"
          },
          "sensitive_attributes": [],
          "identity_schema_version": 0,
          "private": "bnVsbA==",
          "dependencies": [
            "google_service_account.jenkins_sa"
          ]
        }
      ]
    },
    {
      "mode": "managed",
      "type": "google_project_iam_member",
      "name": "gke_admin",
      "provider": "provider[\"registry.terraform.io/hashicorp/google\"]",
      "instances": [
        {
          "schema_version": 0,
          "attributes": {
            "condition": [],
            "etag": "BwZXrKSUs0o=",
            "id": "qwiklabs-gcp-02-3761f185634b/roles/container.admin/serviceAccount:jenkins-sa@qwiklabs-gcp-02-3761f185634b.iam.gserviceaccount.com",
            "member": "serviceAccount:jenkins-sa@qwiklabs-gcp-02-3761f185634b.iam.gserviceaccount.com",
            "project": "qwiklabs-gcp-02-3761f185634b",
            "role": "roles/container.admin"
          },
          "sensitive_attributes": [],
          "identity_schema_version": 0,
          "private": "bnVsbA==",
          "dependencies": [
            "google_service_account.jenkins_sa"
          ]
        }
      ]
    },
    {
      "mode": "managed",
      "type": "google_project_iam_member",
      "name": "logging",
      "provider": "provider[\"registry.terraform.io/hashicorp/google\"]",
      "instances": [
        {
          "schema_version": 0,
          "attributes": {
            "condition": [],
            "etag": "BwZXrKSUs0o=",
            "id": "qwiklabs-gcp-02-3761f185634b/roles/logging.logWriter/serviceAccount:jenkins-sa@qwiklabs-gcp-02-3761f185634b.iam.gserviceaccount.com",
            "member": "serviceAccount:jenkins-sa@qwiklabs-gcp-02-3761f185634b.iam.gserviceaccount.com",
            "project": "qwiklabs-gcp-02-3761f185634b",
            "role": "roles/logging.logWriter"
          },
          "sensitive_attributes": [],
          "identity_schema_version": 0,
          "private": "bnVsbA==",
          "dependencies": [
            "google_service_account.jenkins_sa"
          ]
        }
      ]
    },
    {
      "mode": "managed",
      "type": "google_project_iam_member",
      "name": "monitoring",
      "provider": "provider[\"registry.terraform.io/hashicorp/google\"]",
      "instances": [
        {
          "schema_version": 0,
          "attributes": {
            "condition": [],
            "etag": "BwZXrKSUs0o=",
            "id": "qwiklabs-gcp-02-3761f185634b/roles/monitoring.metricWriter/serviceAccount:jenkins-sa@qwiklabs-gcp-02-3761f185634b.iam.gserviceaccount.com",
            "member": "serviceAccount:jenkins-sa@qwiklabs-gcp-02-3761f185634b.iam.gserviceaccount.com",
            "project": "qwiklabs-gcp-02-3761f185634b",
            "role": "roles/monitoring.metricWriter"
          },
          "sensitive_attributes": [],
          "identity_schema_version": 0,
          "private": "bnVsbA==",
          "dependencies": [
            "google_service_account.jenkins_sa"
          ]
        }
      ]
    },
    {
      "mode": "managed",
      "type": "google_project_iam_member",
      "name": "storage_admin",
      "provider": "provider[\"registry.terraform.io/hashicorp/google\"]",
      "instances": [
        {
          "schema_version": 0,
          "attributes": {
            "condition": [],
            "etag": "BwZXrKSUs0o=",
            "id": "qwiklabs-gcp-02-3761f185634b/roles/storage.admin/serviceAccount:jenkins-sa@qwiklabs-gcp-02-3761f185634b.iam.gserviceaccount.com",
            "member": "serviceAccount:jenkins-sa@qwiklabs-gcp-02-3761f185634b.iam.gserviceaccount.com",
            "project": "qwiklabs-gcp-02-3761f185634b",
            "role": "roles/storage.admin"
          },
          "sensitive_attributes": [],
          "identity_schema_version": 0,
          "private": "bnVsbA==",
          "dependencies": [
            "google_service_account.jenkins_sa"
          ]
        }
      ]
    },
    {
      "mode": "managed",
      "type": "google_service_account",
      "name": "jenkins_sa",
      "provider": "provider[\"registry.terraform.io/hashicorp/google\"]",
      "instances": [
        {
          "schema_version": 0,
          "attributes": {
            "account_id": "jenkins-sa",
            "create_ignore_already_exists": null,
            "description": "",
            "disabled": false,
            "display_name": "Jenkins Service Account",
            "email": "jenkins-sa@qwiklabs-gcp-02-3761f185634b.iam.gserviceaccount.com",
            "id": "projects/qwiklabs-gcp-02-3761f185634b/serviceAccounts/jenkins-sa@qwiklabs-gcp-02-3761f185634b.iam.gserviceaccount.com",
            "member": "serviceAccount:jenkins-sa@qwiklabs-gcp-02-3761f185634b.iam.gserviceaccount.com",
            "name": "projects/qwiklabs-gcp-02-3761f185634b/serviceAccounts/jenkins-sa@qwiklabs-gcp-02-3761f185634b.iam.gserviceaccount.com",
            "project": "qwiklabs-gcp-02-3761f185634b",
            "timeouts": null,
            "unique_id": "104191457337348708064"
          },
          "sensitive_attributes": [],
          "identity_schema_version": 0,
          "private": "eyJlMmJmYjczMC1lY2FhLTExZTYtOGY4OC0zNDM2M2JjN2M0YzAiOnsiY3JlYXRlIjozMDAwMDAwMDAwMDB9fQ=="
        }
      ]
    }
  ],
  "check_results": null
}
